
Microsoft Visual Studio Solution File, Format Version 12.00
# Visual Studio Version 17
VisualStudioVersion = 17.3.32929.385
MinimumVisualStudioVersion = 10.0.40219.1
Project("{FAE04EC0-301F-11D3-BF4B-00C04F79EFBC}") = "TaskSystem", "TaskSystem\TaskSystem.csproj", "{3DFC4DC8-7AD8-42DD-AA98-614CA873193F}"
EndProject
Global
	GlobalSection(SolutionConfigurationPlatforms) = preSolution
		Debug|Any CPU = Debug|Any CPU
		Release|Any CPU = Release|Any CPU
	EndGlobalSection
	GlobalSection(ProjectConfigurationPlatforms) = postSolution
		{3DFC4DC8-7AD8-42DD-AA98-614CA873193F}.Debug|Any CPU.ActiveCfg = Debug|Any CPU
		{3DFC4DC8-7AD8-42DD-AA98-614CA873193F}.Debug|Any CPU.Build.0 = Debug|Any CPU
		{3DFC4DC8-7AD8-42DD-AA98-614CA873193F}.Release|Any CPU.ActiveCfg = Release|Any CPU
		{3DFC4DC8-7AD8-42DD-AA98-614CA873193F}.Release|Any CPU.Build.0 = Release|Any CPU
	EndGlobalSection
	GlobalSection(SolutionProperties) = preSolution
		HideSolutionNode = FALSE
	EndGlobalSection
	GlobalSection(ExtensibilityGlobals) = postSolution
		SolutionGuid = {233D23E9-AFE7-4327-B97E-33E2C6D43B2E}
	EndGlobalSection
EndGlobal
